
Microsoft Visual Studio Solution File, Format Version 12.00
# Visual Studio 15
VisualStudioVersion = 15.0.27703.2000
MinimumVisualStudioVersion = 10.0.40219.1
Project("{9A19103F-16F7-4668-BE54-9A1E7A4F7556}") = "JpkGeneratorFromXsd", "JpkGeneratorFromXsd.csproj", "{500102B2-00DF-475B-A6E2-B7FFD0275A75}"
EndProject
Global
	GlobalSection(SolutionConfigurationPlatforms) = preSolution
		Debug|Any CPU = Debug|Any CPU
		Release|Any CPU = Release|Any CPU
	EndGlobalSection
	GlobalSection(ProjectConfigurationPlatforms) = postSolution
		{500102B2-00DF-475B-A6E2-B7FFD0275A75}.Debug|Any CPU.ActiveCfg = Debug|Any CPU
		{500102B2-00DF-475B-A6E2-B7FFD0275A75}.Debug|Any CPU.Build.0 = Debug|Any CPU
		{500102B2-00DF-475B-A6E2-B7FFD0275A75}.Release|Any CPU.ActiveCfg = Release|Any CPU
		{500102B2-00DF-475B-A6E2-B7FFD0275A75}.Release|Any CPU.Build.0 = Release|Any CPU
	EndGlobalSection
	GlobalSection(SolutionProperties) = preSolution
		HideSolutionNode = FALSE
	EndGlobalSection
	GlobalSection(ExtensibilityGlobals) = postSolution
		SolutionGuid = {A5791FB0-01CA-433F-B8D5-7D7C1FF7DF21}
	EndGlobalSection
EndGlobal
